
Microsoft Visual Studio Solution File, Format Version 12.00
# Visual Studio 15
VisualStudioVersion = 15.0.28307.902
MinimumVisualStudioVersion = 10.0.40219.1
Project("{9A19103F-16F7-4668-BE54-9A1E7A4F7556}") = "ToDoList.API", "ToDoList.API.csproj", "{93583989-D7D9-4AE2-BE76-8D559AE23D16}"
EndProject
Global
	GlobalSection(SolutionConfigurationPlatforms) = preSolution
		Debug|Any CPU = Debug|Any CPU
		Release|Any CPU = Release|Any CPU
	EndGlobalSection
	GlobalSection(ProjectConfigurationPlatforms) = postSolution
		{93583989-D7D9-4AE2-BE76-8D559AE23D16}.Debug|Any CPU.ActiveCfg = Debug|Any CPU
		{93583989-D7D9-4AE2-BE76-8D559AE23D16}.Debug|Any CPU.Build.0 = Debug|Any CPU
		{93583989-D7D9-4AE2-BE76-8D559AE23D16}.Release|Any CPU.ActiveCfg = Release|Any CPU
		{93583989-D7D9-4AE2-BE76-8D559AE23D16}.Release|Any CPU.Build.0 = Release|Any CPU
	EndGlobalSection
	GlobalSection(SolutionProperties) = preSolution
		HideSolutionNode = FALSE
	EndGlobalSection
	GlobalSection(ExtensibilityGlobals) = postSolution
		SolutionGuid = {8D1A0295-8336-4059-A84C-09B112B9F892}
	EndGlobalSection
EndGlobal
